
Microsoft Visual Studio Solution File, Format Version 12.00
# Visual Studio Version 17
VisualStudioVersion = 17.2.32519.379
MinimumVisualStudioVersion = 10.0.40219.1
Project("{FAE04EC0-301F-11D3-BF4B-00C04F79EFBC}") = "klasna", "klasna\klasna.csproj", "{A1C363EF-48DD-4605-8D50-EADB2F86C1E0}"
EndProject
Global
	GlobalSection(SolutionConfigurationPlatforms) = preSolution
		Debug|Any CPU = Debug|Any CPU
		Release|Any CPU = Release|Any CPU
	EndGlobalSection
	GlobalSection(ProjectConfigurationPlatforms) = postSolution
		{A1C363EF-48DD-4605-8D50-EADB2F86C1E0}.Debug|Any CPU.ActiveCfg = Debug|Any CPU
		{A1C363EF-48DD-4605-8D50-EADB2F86C1E0}.Debug|Any CPU.Build.0 = Debug|Any CPU
		{A1C363EF-48DD-4605-8D50-EADB2F86C1E0}.Release|Any CPU.ActiveCfg = Release|Any CPU
		{A1C363EF-48DD-4605-8D50-EADB2F86C1E0}.Release|Any CPU.Build.0 = Release|Any CPU
	EndGlobalSection
	GlobalSection(SolutionProperties) = preSolution
		HideSolutionNode = FALSE
	EndGlobalSection
	GlobalSection(ExtensibilityGlobals) = postSolution
		SolutionGuid = {5DCBCC6A-2ACF-4975-9758-085B2B6064DA}
	EndGlobalSection
EndGlobal
